
Microsoft Visual Studio Solution File, Format Version 12.00
# Visual Studio 14
VisualStudioVersion = 14.0.25420.1
MinimumVisualStudioVersion = 10.0.40219.1
Project("{FAE04EC0-301F-11D3-BF4B-00C04F79EFBC}") = "QuanLyBenXe", "QuanLyBenXe\QuanLyBenXe.csproj", "{4ACB9D74-FB63-4102-83D6-69D5294F589C}"
EndProject
Project("{FAE04EC0-301F-11D3-BF4B-00C04F79EFBC}") = "DTO", "DTO\DTO.csproj", "{DEAF511A-7C85-4804-AA6B-8ECA7A25723B}"
EndProject
Project("{FAE04EC0-301F-11D3-BF4B-00C04F79EFBC}") = "DAO", "DAO\DAO.csproj", "{28344AE7-AC95-4B46-A9DE-95293633CA46}"
EndProject
Project("{FAE04EC0-301F-11D3-BF4B-00C04F79EFBC}") = "BUS", "BUS\BUS.csproj", "{5736E29F-A7C0-4327-BAAA-11611B67C1C7}"
EndProject
Global
	GlobalSection(SolutionConfigurationPlatforms) = preSolution
		Debug|Any CPU = Debug|Any CPU
		Release|Any CPU = Release|Any CPU
	EndGlobalSection
	GlobalSection(ProjectConfigurationPlatforms) = postSolution
		{4ACB9D74-FB63-4102-83D6-69D5294F589C}.Debug|Any CPU.ActiveCfg = Debug|Any CPU
		{4ACB9D74-FB63-4102-83D6-69D5294F589C}.Debug|Any CPU.Build.0 = Debug|Any CPU
		{4ACB9D74-FB63-4102-83D6-69D5294F589C}.Release|Any CPU.ActiveCfg = Release|Any CPU
		{4ACB9D74-FB63-4102-83D6-69D5294F589C}.Release|Any CPU.Build.0 = Release|Any CPU
		{DEAF511A-7C85-4804-AA6B-8ECA7A25723B}.Debug|Any CPU.ActiveCfg = Debug|Any CPU
		{DEAF511A-7C85-4804-AA6B-8ECA7A25723B}.Debug|Any CPU.Build.0 = Debug|Any CPU
		{DEAF511A-7C85-4804-AA6B-8ECA7A25723B}.Release|Any CPU.ActiveCfg = Release|Any CPU
		{DEAF511A-7C85-4804-AA6B-8ECA7A25723B}.Release|Any CPU.Build.0 = Release|Any CPU
		{28344AE7-AC95-4B46-A9DE-95293633CA46}.Debug|Any CPU.ActiveCfg = Debug|Any CPU
		{28344AE7-AC95-4B46-A9DE-95293633CA46}.Debug|Any CPU.Build.0 = Debug|Any CPU
		{28344AE7-AC95-4B46-A9DE-95293633CA46}.Release|Any CPU.ActiveCfg = Release|Any CPU
		{28344AE7-AC95-4B46-A9DE-95293633CA46}.Release|Any CPU.Build.0 = Release|Any CPU
		{5736E29F-A7C0-4327-BAAA-11611B67C1C7}.Debug|Any CPU.ActiveCfg = Debug|Any CPU
		{5736E29F-A7C0-4327-BAAA-11611B67C1C7}.Debug|Any CPU.Build.0 = Debug|Any CPU
		{5736E29F-A7C0-4327-BAAA-11611B67C1C7}.Release|Any CPU.ActiveCfg = Release|Any CPU
		{5736E29F-A7C0-4327-BAAA-11611B67C1C7}.Release|Any CPU.Build.0 = Release|Any CPU
	EndGlobalSection
	GlobalSection(SolutionProperties) = preSolution
		HideSolutionNode = FALSE
	EndGlobalSection
EndGlobal
